
Microsoft Visual Studio Solution File, Format Version 12.00
# Visual Studio Version 17
VisualStudioVersion = 17.14.36301.6 d17.14
MinimumVisualStudioVersion = 10.0.40219.1
Project("{FAE04EC0-301F-11D3-BF4B-00C04F79EFBC}") = "WebApplicationGitTest", "WebApplicationGitTest\WebApplicationGitTest.csproj", "{6E64D0CC-D219-410A-83B2-165777BE83FD}"
EndProject
Global
	GlobalSection(SolutionConfigurationPlatforms) = preSolution
		Debug|Any CPU = Debug|Any CPU
		Release|Any CPU = Release|Any CPU
	EndGlobalSection
	GlobalSection(ProjectConfigurationPlatforms) = postSolution
		{6E64D0CC-D219-410A-83B2-165777BE83FD}.Debug|Any CPU.ActiveCfg = Debug|Any CPU
		{6E64D0CC-D219-410A-83B2-165777BE83FD}.Debug|Any CPU.Build.0 = Debug|Any CPU
		{6E64D0CC-D219-410A-83B2-165777BE83FD}.Release|Any CPU.ActiveCfg = Release|Any CPU
		{6E64D0CC-D219-410A-83B2-165777BE83FD}.Release|Any CPU.Build.0 = Release|Any CPU
	EndGlobalSection
	GlobalSection(SolutionProperties) = preSolution
		HideSolutionNode = FALSE
	EndGlobalSection
	GlobalSection(ExtensibilityGlobals) = postSolution
		SolutionGuid = {9189F748-7AE4-45EB-BAE3-8B617CF88A32}
	EndGlobalSection
EndGlobal
